
Microsoft Visual Studio Solution File, Format Version 12.00
# Visual Studio Version 17
VisualStudioVersion = 17.9.34728.123
MinimumVisualStudioVersion = 10.0.40219.1
Project("{9A19103F-16F7-4668-BE54-9A1E7A4F7556}") = "APIFuncionarios", "APIFuncionarios\APIFuncionarios.csproj", "{EBFD33FC-5E1B-4C9D-BD3F-BF3228A887AF}"
EndProject
Project("{2150E333-8FDC-42A3-9474-1A3956D46DE8}") = "Itens de Solução", "Itens de Solução", "{BD8FA005-C95E-4501-A35C-479FC1D67295}"
	ProjectSection(SolutionItems) = preProject
		.gitignore = .gitignore
	EndProjectSection
EndProject
Global
	GlobalSection(SolutionConfigurationPlatforms) = preSolution
		Debug|Any CPU = Debug|Any CPU
		Release|Any CPU = Release|Any CPU
	EndGlobalSection
	GlobalSection(ProjectConfigurationPlatforms) = postSolution
		{EBFD33FC-5E1B-4C9D-BD3F-BF3228A887AF}.Debug|Any CPU.ActiveCfg = Debug|Any CPU
		{EBFD33FC-5E1B-4C9D-BD3F-BF3228A887AF}.Debug|Any CPU.Build.0 = Debug|Any CPU
		{EBFD33FC-5E1B-4C9D-BD3F-BF3228A887AF}.Release|Any CPU.ActiveCfg = Release|Any CPU
		{EBFD33FC-5E1B-4C9D-BD3F-BF3228A887AF}.Release|Any CPU.Build.0 = Release|Any CPU
	EndGlobalSection
	GlobalSection(SolutionProperties) = preSolution
		HideSolutionNode = FALSE
	EndGlobalSection
	GlobalSection(ExtensibilityGlobals) = postSolution
		SolutionGuid = {D13E7016-5AB6-45A8-9AB9-67850587CA6E}
	EndGlobalSection
EndGlobal
